{
  "name": "leafletjs",
  "lockfileVersion": 2,
  "requires": true,
  "packages": {
    "": {
      "dependencies": {
        "leaflet-dialog": "^1.0.5",
        "leaflet-notifications": "^1.0.7"
      }
    },
    "node_modules/font-awesome": {
      "version": "4.7.0",
      "resolved": "https://registry.npmjs.org/font-awesome/-/font-awesome-4.7.0.tgz",
      "integrity": "sha1-j6jPBBGhoxr9B7BtKQK7n8gVoTM=",
      "engines": {
        "node": ">=0.10.3"
      }
    },
    "node_modules/fontawesome": {
      "version": "4.5.0",
      "resolved": "https://registry.npmjs.org/fontawesome/-/fontawesome-4.5.0.tgz",
      "integrity": "sha1-KSkVzofpc0H9HdL5vYYV07j1X/8="
    },
    "node_modules/leaflet-dialog": {
      "version": "1.0.5",
      "resolved": "https://registry.npmjs.org/leaflet-dialog/-/leaflet-dialog-1.0.5.tgz",
      "integrity": "sha512-jmt7bPazPawnEv7XVNDvhkdfPM3OXhlym+6axPrL0hICWIc0eLLMDBADlqMTXT0WRMvbVKxVz7/FwceaiAjNFQ==",
      "dependencies": {
        "fontawesome": "~4.5.0"
      }
    },
    "node_modules/leaflet-notifications": {
      "version": "1.0.7",
      "resolved": "https://registry.npmjs.org/leaflet-notifications/-/leaflet-notifications-1.0.7.tgz",
      "integrity": "sha512-gl5TjykQ4oLX0p4nXzANal8NLdWMnmNlFV72vWUhQhiFHqTGWcaMko0zaQRif2NHbJ5AQSVtPwulg3fqZQCL5Q==",
      "dependencies": {
        "font-awesome": "^4.7.0"
      }
    }
  },
  "dependencies": {
    "font-awesome": {
      "version": "4.7.0",
      "resolved": "https://registry.npmjs.org/font-awesome/-/font-awesome-4.7.0.tgz",
      "integrity": "sha1-j6jPBBGhoxr9B7BtKQK7n8gVoTM="
    },
    "fontawesome": {
      "version": "4.5.0",
      "resolved": "https://registry.npmjs.org/fontawesome/-/fontawesome-4.5.0.tgz",
      "integrity": "sha1-KSkVzofpc0H9HdL5vYYV07j1X/8="
    },
    "leaflet-dialog": {
      "version": "1.0.5",
      "resolved": "https://registry.npmjs.org/leaflet-dialog/-/leaflet-dialog-1.0.5.tgz",
      "integrity": "sha512-jmt7bPazPawnEv7XVNDvhkdfPM3OXhlym+6axPrL0hICWIc0eLLMDBADlqMTXT0WRMvbVKxVz7/FwceaiAjNFQ==",
      "requires": {
        "fontawesome": "~4.5.0"
      }
    },
    "leaflet-notifications": {
      "version": "1.0.7",
      "resolved": "https://registry.npmjs.org/leaflet-notifications/-/leaflet-notifications-1.0.7.tgz",
      "integrity": "sha512-gl5TjykQ4oLX0p4nXzANal8NLdWMnmNlFV72vWUhQhiFHqTGWcaMko0zaQRif2NHbJ5AQSVtPwulg3fqZQCL5Q==",
      "requires": {
        "font-awesome": "^4.7.0"
      }
    }
  }
}
